// !$*UTF8*$!
{
	archiveVersion = 1;
	classes = {
	};
	objectVersion = 77;
	objects = {

/* Begin PBXContainerItemProxy section */
		277B3D7F2CF57AD5004D2FA7 /* PBXContainerItemProxy */ = {
			isa = PBXContainerItemProxy;
			containerPortal = 277B3D662CF57AD1004D2FA7 /* Project object */;
			proxyType = 1;
			remoteGlobalIDString = 277B3D6D2CF57AD1004D2FA7;
			remoteInfo = "the-bench";
		};
		277B3D892CF57AD5004D2FA7 /* PBXContainerItemProxy */ = {
			isa = PBXContainerItemProxy;
			containerPortal = 277B3D662CF57AD1004D2FA7 /* Project object */;
			proxyType = 1;
			remoteGlobalIDString = 277B3D6D2CF57AD1004D2FA7;
			remoteInfo = "the-bench";
		};
/* End PBXContainerItemProxy section */

/* Begin PBXFileReference section */
		277B3D6E2CF57AD1004D2FA7 /* the-bench.app */ = {isa = PBXFileReference; explicitFileType = wrapper.application; includeInIndex = 0; path = "the-bench.app"; sourceTree = BUILT_PRODUCTS_DIR; };
		277B3D7E2CF57AD5004D2FA7 /* the-benchTests.xctest */ = {isa = PBXFileReference; explicitFileType = wrapper.cfbundle; includeInIndex = 0; path = "the-benchTests.xctest"; sourceTree = BUILT_PRODUCTS_DIR; };
		277B3D882CF57AD5004D2FA7 /* the-benchUITests.xctest */ = {isa = PBXFileReference; explicitFileType = wrapper.cfbundle; includeInIndex = 0; path = "the-benchUITests.xctest"; sourceTree = BUILT_PRODUCTS_DIR; };
/* End PBXFileReference section */

/* Begin PBXFileSystemSynchronizedRootGroup section */
		277B3D702CF57AD1004D2FA7 /* the-bench */ = {
			isa = PBXFileSystemSynchronizedRootGroup;
			path = "the-bench";
			sourceTree = "<group>";
		};
		277B3D812CF57AD5004D2FA7 /* the-benchTests */ = {
			isa = PBXFileSystemSynchronizedRootGroup;
			path = "the-benchTests";
			sourceTree = "<group>";
		};
		277B3D8B2CF57AD5004D2FA7 /* the-benchUITests */ = {
			isa = PBXFileSystemSynchronizedRootGroup;
			path = "the-benchUITests";
			sourceTree = "<group>";
		};
/* End PBXFileSystemSynchronizedRootGroup section */

/* Begin PBXFrameworksBuildPhase section */
		277B3D6B2CF57AD1004D2FA7 /* Frameworks */ = {
			isa = PBXFrameworksBuildPhase;
			buildActionMask = 2147483647;
			files = (
			);
			runOnlyForDeploymentPostprocessing = 0;
		};
		277B3D7B2CF57AD5004D2FA7 /* Frameworks */ = {
			isa = PBXFrameworksBuildPhase;
			buildActionMask = 2147483647;
			files = (
			);
			runOnlyForDeploymentPostprocessing = 0;
		};
		277B3D852CF57AD5004D2FA7 /* Frameworks */ = {
			isa = PBXFrameworksBuildPhase;
			buildActionMask = 2147483647;
			files = (
			);
			runOnlyForDeploymentPostprocessing = 0;
		};
/* End PBXFrameworksBuildPhase section */

/* Begin PBXGroup section */
		277B3D652CF57AD1004D2FA7 = {
			isa = PBXGroup;
			children = (
				277B3D702CF57AD1004D2FA7 /* the-bench */,
				277B3D812CF57AD5004D2FA7 /* the-benchTests */,
				277B3D8B2CF57AD5004D2FA7 /* the-benchUITests */,
				277B3D6F2CF57AD1004D2FA7 /* Products */,
			);
			sourceTree = "<group>";
		};
		277B3D6F2CF57AD1004D2FA7 /* Products */ = {
			isa = PBXGroup;
			children = (
				277B3D6E2CF57AD1004D2FA7 /* the-bench.app */,
				277B3D7E2CF57AD5004D2FA7 /* the-benchTests.xctest */,
				277B3D882CF57AD5004D2FA7 /* the-benchUITests.xctest */,
			);
			name = Products;
			sourceTree = "<group>";
		};
/* End PBXGroup section */

/* Begin PBXNativeTarget section */
		277B3D6D2CF57AD1004D2FA7 /* the-bench */ = {
			isa = PBXNativeTarget;
			buildConfigurationList = 277B3D922CF57AD5004D2FA7 /* Build configuration list for PBXNativeTarget "the-bench" */;
			buildPhases = (
				277B3D6A2CF57AD1004D2FA7 /* Sources */,
				277B3D6B2CF57AD1004D2FA7 /* Frameworks */,
				277B3D6C2CF57AD1004D2FA7 /* Resources */,
			);
			buildRules = (
			);
			dependencies = (
			);
			fileSystemSynchronizedGroups = (
				277B3D702CF57AD1004D2FA7 /* the-bench */,
			);
			name = "the-bench";
			packageProductDependencies = (
			);
			productName = "the-bench";
			productReference = 277B3D6E2CF57AD1004D2FA7 /* the-bench.app */;
			productType = "com.apple.product-type.application";
		};
		277B3D7D2CF57AD5004D2FA7 /* the-benchTests */ = {
			isa = PBXNativeTarget;
			buildConfigurationList = 277B3D952CF57AD5004D2FA7 /* Build configuration list for PBXNativeTarget "the-benchTests" */;
			buildPhases = (
				277B3D7A2CF57AD5004D2FA7 /* Sources */,
				277B3D7B2CF57AD5004D2FA7 /* Frameworks */,
				277B3D7C2CF57AD5004D2FA7 /* Resources */,
			);
			buildRules = (
			);
			dependencies = (
				277B3D802CF57AD5004D2FA7 /* PBXTargetDependency */,
			);
			fileSystemSynchronizedGroups = (
				277B3D812CF57AD5004D2FA7 /* the-benchTests */,
			);
			name = "the-benchTests";
			packageProductDependencies = (
			);
			productName = "the-benchTests";
			productReference = 277B3D7E2CF57AD5004D2FA7 /* the-benchTests.xctest */;
			productType = "com.apple.product-type.bundle.unit-test";
		};
		277B3D872CF57AD5004D2FA7 /* the-benchUITests */ = {
			isa = PBXNativeTarget;
			buildConfigurationList = 277B3D982CF57AD5004D2FA7 /* Build configuration list for PBXNativeTarget "the-benchUITests" */;
			buildPhases = (
				277B3D842CF57AD5004D2FA7 /* Sources */,
				277B3D852CF57AD5004D2FA7 /* Frameworks */,
				277B3D862CF57AD5004D2FA7 /* Resources */,
			);
			buildRules = (
			);
			dependencies = (
				277B3D8A2CF57AD5004D2FA7 /* PBXTargetDependency */,
			);
			fileSystemSynchronizedGroups = (
				277B3D8B2CF57AD5004D2FA7 /* the-benchUITests */,
			);
			name = "the-benchUITests";
			packageProductDependencies = (
			);
			productName = "the-benchUITests";
			productReference = 277B3D882CF57AD5004D2FA7 /* the-benchUITests.xctest */;
			productType = "com.apple.product-type.bundle.ui-testing";
		};
/* End PBXNativeTarget section */

/* Begin PBXProject section */
		277B3D662CF57AD1004D2FA7 /* Project object */ = {
			isa = PBXProject;
			attributes = {
				BuildIndependentTargetsInParallel = 1;
				LastSwiftUpdateCheck = 1610;
				LastUpgradeCheck = 1610;
				TargetAttributes = {
					277B3D6D2CF57AD1004D2FA7 = {
						CreatedOnToolsVersion = 16.1;
					};
					277B3D7D2CF57AD5004D2FA7 = {
						CreatedOnToolsVersion = 16.1;
						TestTargetID = 277B3D6D2CF57AD1004D2FA7;
					};
					277B3D872CF57AD5004D2FA7 = {
						CreatedOnToolsVersion = 16.1;
						TestTargetID = 277B3D6D2CF57AD1004D2FA7;
					};
				};
			};
			buildConfigurationList = 277B3D692CF57AD1004D2FA7 /* Build configuration list for PBXProject "the-bench" */;
			developmentRegion = en;
			hasScannedForEncodings = 0;
			knownRegions = (
				en,
				Base,
			);
			mainGroup = 277B3D652CF57AD1004D2FA7;
			minimizedProjectReferenceProxies = 1;
			preferredProjectObjectVersion = 77;
			productRefGroup = 277B3D6F2CF57AD1004D2FA7 /* Products */;
			projectDirPath = "";
			projectRoot = "";
			targets = (
				277B3D6D2CF57AD1004D2FA7 /* the-bench */,
				277B3D7D2CF57AD5004D2FA7 /* the-benchTests */,
				277B3D872CF57AD5004D2FA7 /* the-benchUITests */,
			);
		};
/* End PBXProject section */

/* Begin PBXResourcesBuildPhase section */
		277B3D6C2CF57AD1004D2FA7 /* Resources */ = {
			isa = PBXResourcesBuildPhase;
			buildActionMask = 2147483647;
			files = (
			);
			runOnlyForDeploymentPostprocessing = 0;
		};
		277B3D7C2CF57AD5004D2FA7 /* Resources */ = {
			isa = PBXResourcesBuildPhase;
			buildActionMask = 2147483647;
			files = (
			);
			runOnlyForDeploymentPostprocessing = 0;
		};
		277B3D862CF57AD5004D2FA7 /* Resources */ = {
			isa = PBXResourcesBuildPhase;
			buildActionMask = 2147483647;
			files = (
			);
			runOnlyForDeploymentPostprocessing = 0;
		};
/* End PBXResourcesBuildPhase section */

/* Begin PBXSourcesBuildPhase section */
		277B3D6A2CF57AD1004D2FA7 /* Sources */ = {
			isa = PBXSourcesBuildPhase;
			buildActionMask = 2147483647;
			files = (
			);
			runOnlyForDeploymentPostprocessing = 0;
		};
		277B3D7A2CF57AD5004D2FA7 /* Sources */ = {
			isa = PBXSourcesBuildPhase;
			buildActionMask = 2147483647;
			files = (
			);
			runOnlyForDeploymentPostprocessing = 0;
		};
		277B3D842CF57AD5004D2FA7 /* Sources */ = {
			isa = PBXSourcesBuildPhase;
			buildActionMask = 2147483647;
			files = (
			);
			runOnlyForDeploymentPostprocessing = 0;
		};
/* End PBXSourcesBuildPhase section */

/* Begin PBXTargetDependency section */
		277B3D802CF57AD5004D2FA7 /* PBXTargetDependency */ = {
			isa = PBXTargetDependency;
			target = 277B3D6D2CF57AD1004D2FA7 /* the-bench */;
			targetProxy = 277B3D7F2CF57AD5004D2FA7 /* PBXContainerItemProxy */;
		};
		277B3D8A2CF57AD5004D2FA7 /* PBXTargetDependency */ = {
			isa = PBXTargetDependency;
			target = 277B3D6D2CF57AD1004D2FA7 /* the-bench */;
			targetProxy = 277B3D892CF57AD5004D2FA7 /* PBXContainerItemProxy */;
		};
/* End PBXTargetDependency section */

/* Begin XCBuildConfiguration section */
		277B3D902CF57AD5004D2FA7 /* Debug */ = {
			isa = XCBuildConfiguration;
			buildSettings = {
				ALWAYS_SEARCH_USER_PATHS = NO;
				ASSETCATALOG_COMPILER_GENERATE_SWIFT_ASSET_SYMBOL_EXTENSIONS = YES;
				CLANG_ANALYZER_NONNULL = YES;
				CLANG_ANALYZER_NUMBER_OBJECT_CONVERSION = YES_AGGRESSIVE;
				CLANG_CXX_LANGUAGE_STANDARD = "gnu++20";
				CLANG_ENABLE_MODULES = YES;
				CLANG_ENABLE_OBJC_ARC = YES;
				CLANG_ENABLE_OBJC_WEAK = YES;
				CLANG_WARN_BLOCK_CAPTURE_AUTORELEASING = YES;
				CLANG_WARN_BOOL_CONVERSION = YES;
				CLANG_WARN_COMMA = YES;
				CLANG_WARN_CONSTANT_CONVERSION = YES;
				CLANG_WARN_DEPRECATED_OBJC_IMPLEMENTATIONS = YES;
				CLANG_WARN_DIRECT_OBJC_ISA_USAGE = YES_ERROR;
				CLANG_WARN_DOCUMENTATION_COMMENTS = YES;
				CLANG_WARN_EMPTY_BODY = YES;
				CLANG_WARN_ENUM_CONVERSION = YES;
				CLANG_WARN_INFINITE_RECURSION = YES;
				CLANG_WARN_INT_CONVERSION = YES;
				CLANG_WARN_NON_LITERAL_NULL_CONVERSION = YES;
				CLANG_WARN_OBJC_IMPLICIT_RETAIN_SELF = YES;
				CLANG_WARN_OBJC_LITERAL_CONVERSION = YES;
				CLANG_WARN_OBJC_ROOT_CLASS = YES_ERROR;
				CLANG_WARN_QUOTED_INCLUDE_IN_FRAMEWORK_HEADER = YES;
				CLANG_WARN_RANGE_LOOP_ANALYSIS = YES;
				CLANG_WARN_STRICT_PROTOTYPES = YES;
				CLANG_WARN_SUSPICIOUS_MOVE = YES;
				CLANG_WARN_UNGUARDED_AVAILABILITY = YES_AGGRESSIVE;
				CLANG_WARN_UNREACHABLE_CODE = YES;
				CLANG_WARN__DUPLICATE_METHOD_MATCH = YES;
				COPY_PHASE_STRIP = NO;
				DEBUG_INFORMATION_FORMAT = dwarf;
				ENABLE_STRICT_OBJC_MSGSEND = YES;
				ENABLE_TESTABILITY = YES;
				ENABLE_USER_SCRIPT_SANDBOXING = YES;
				GCC_C_LANGUAGE_STANDARD = gnu17;
				GCC_DYNAMIC_NO_PIC = NO;
				GCC_NO_COMMON_BLOCKS = YES;
				GCC_OPTIMIZATION_LEVEL = 0;
				GCC_PREPROCESSOR_DEFINITIONS = (
					"DEBUG=1",
					"$(inherited)",
				);
				GCC_WARN_64_TO_32_BIT_CONVERSION = YES;
				GCC_WARN_ABOUT_RETURN_TYPE = YES_ERROR;
				GCC_WARN_UNDECLARED_SELECTOR = YES;
				GCC_WARN_UNINITIALIZED_AUTOS = YES_AGGRESSIVE;
				GCC_WARN_UNUSED_FUNCTION = YES;
				GCC_WARN_UNUSED_VARIABLE = YES;
				IPHONEOS_DEPLOYMENT_TARGET = 18.1;
				LOCALIZATION_PREFERS_STRING_CATALOGS = YES;
				MTL_ENABLE_DEBUG_INFO = INCLUDE_SOURCE;
				MTL_FAST_MATH = YES;
				ONLY_ACTIVE_ARCH = YES;
				SDKROOT = iphoneos;
				SWIFT_ACTIVE_COMPILATION_CONDITIONS = "DEBUG $(inherited)";
				SWIFT_OPTIMIZATION_LEVEL = "-Onone";
			};
			name = Debug;
		};
		277B3D912CF57AD5004D2FA7 /* Release */ = {
			isa = XCBuildConfiguration;
			buildSettings = {
				ALWAYS_SEARCH_USER_PATHS = NO;
				ASSETCATALOG_COMPILER_GENERATE_SWIFT_ASSET_SYMBOL_EXTENSIONS = YES;
				CLANG_ANALYZER_NONNULL = YES;
				CLANG_ANALYZER_NUMBER_OBJECT_CONVERSION = YES_AGGRESSIVE;
				CLANG_CXX_LANGUAGE_STANDARD = "gnu++20";
				CLANG_ENABLE_MODULES = YES;
				CLANG_ENABLE_OBJC_ARC = YES;
				CLANG_ENABLE_OBJC_WEAK = YES;
				CLANG_WARN_BLOCK_CAPTURE_AUTORELEASING = YES;
				CLANG_WARN_BOOL_CONVERSION = YES;
				CLANG_WARN_COMMA = YES;
				CLANG_WARN_CONSTANT_CONVERSION = YES;
				CLANG_WARN_DEPRECATED_OBJC_IMPLEMENTATIONS = YES;
				CLANG_WARN_DIRECT_OBJC_ISA_USAGE = YES_ERROR;
				CLANG_WARN_DOCUMENTATION_COMMENTS = YES;
				CLANG_WARN_EMPTY_BODY = YES;
				CLANG_WARN_ENUM_CONVERSION = YES;
				CLANG_WARN_INFINITE_RECURSION = YES;
				CLANG_WARN_INT_CONVERSION = YES;
				CLANG_WARN_NON_LITERAL_NULL_CONVERSION = YES;
				CLANG_WARN_OBJC_IMPLICIT_RETAIN_SELF = YES;
				CLANG_WARN_OBJC_LITERAL_CONVERSION = YES;
				CLANG_WARN_OBJC_ROOT_CLASS = YES_ERROR;
				CLANG_WARN_QUOTED_INCLUDE_IN_FRAMEWORK_HEADER = YES;
				CLANG_WARN_RANGE_LOOP_ANALYSIS = YES;
				CLANG_WARN_STRICT_PROTOTYPES = YES;
				CLANG_WARN_SUSPICIOUS_MOVE = YES;
				CLANG_WARN_UNGUARDED_AVAILABILITY = YES_AGGRESSIVE;
				CLANG_WARN_UNREACHABLE_CODE = YES;
				CLANG_WARN__DUPLICATE_METHOD_MATCH = YES;
				COPY_PHASE_STRIP = NO;
				DEBUG_INFORMATION_FORMAT = "dwarf-with-dsym";
				ENABLE_NS_ASSERTIONS = NO;
				ENABLE_STRICT_OBJC_MSGSEND = YES;
				ENABLE_USER_SCRIPT_SANDBOXING = YES;
				GCC_C_LANGUAGE_STANDARD = gnu17;
				GCC_NO_COMMON_BLOCKS = YES;
				GCC_WARN_64_TO_32_BIT_CONVERSION = YES;
				GCC_WARN_ABOUT_RETURN_TYPE = YES_ERROR;
				GCC_WARN_UNDECLARED_SELECTOR = YES;
				GCC_WARN_UNINITIALIZED_AUTOS = YES_AGGRESSIVE;
				GCC_WARN_UNUSED_FUNCTION = YES;
				GCC_WARN_UNUSED_VARIABLE = YES;
				IPHONEOS_DEPLOYMENT_TARGET = 18.1;
				LOCALIZATION_PREFERS_STRING_CATALOGS = YES;
				MTL_ENABLE_DEBUG_INFO = NO;
				MTL_FAST_MATH = YES;
				SDKROOT = iphoneos;
				SWIFT_COMPILATION_MODE = wholemodule;
				VALIDATE_PRODUCT = YES;
			};
			name = Release;
		};
		277B3D932CF57AD5004D2FA7 /* Debug */ = {
			isa = XCBuildConfiguration;
			buildSettings = {
				ASSETCATALOG_COMPILER_APPICON_NAME = AppIcon;
				ASSETCATALOG_COMPILER_GLOBAL_ACCENT_COLOR_NAME = AccentColor;
				CODE_SIGN_STYLE = Automatic;
				CURRENT_PROJECT_VERSION = 1;
				DEVELOPMENT_ASSET_PATHS = "\"the-bench/Preview Content\"";
				DEVELOPMENT_TEAM = LW7ZVVD536;
				ENABLE_PREVIEWS = YES;
				GENERATE_INFOPLIST_FILE = YES;
				INFOPLIST_KEY_UIApplicationSceneManifest_Generation = YES;
				INFOPLIST_KEY_UIApplicationSupportsIndirectInputEvents = YES;
				INFOPLIST_KEY_UILaunchScreen_Generation = YES;
				INFOPLIST_KEY_UISupportedInterfaceOrientations_iPad = "UIInterfaceOrientationPortrait UIInterfaceOrientationPortraitUpsideDown UIInterfaceOrientationLandscapeLeft UIInterfaceOrientationLandscapeRight";
				INFOPLIST_KEY_UISupportedInterfaceOrientations_iPhone = "UIInterfaceOrientationPortrait UIInterfaceOrientationLandscapeLeft UIInterfaceOrientationLandscapeRight";
				LD_RUNPATH_SEARCH_PATHS = (
					"$(inherited)",
					"@executable_path/Frameworks",
				);
				MARKETING_VERSION = 1.0;
				PRODUCT_BUNDLE_IDENTIFIER = "shmashing.the-bench";
				PRODUCT_NAME = "$(TARGET_NAME)";
				SWIFT_EMIT_LOC_STRINGS = YES;
				SWIFT_VERSION = 5.0;
				TARGETED_DEVICE_FAMILY = "1,2";
			};
			name = Debug;
		};
		277B3D942CF57AD5004D2FA7 /* Release */ = {
			isa = XCBuildConfiguration;
			buildSettings = {
				ASSETCATALOG_COMPILER_APPICON_NAME = AppIcon;
				ASSETCATALOG_COMPILER_GLOBAL_ACCENT_COLOR_NAME = AccentColor;
				CODE_SIGN_STYLE = Automatic;
				CURRENT_PROJECT_VERSION = 1;
				DEVELOPMENT_ASSET_PATHS = "\"the-bench/Preview Content\"";
				DEVELOPMENT_TEAM = LW7ZVVD536;
				ENABLE_PREVIEWS = YES;
				GENERATE_INFOPLIST_FILE = YES;
				INFOPLIST_KEY_UIApplicationSceneManifest_Generation = YES;
				INFOPLIST_KEY_UIApplicationSupportsIndirectInputEvents = YES;
				INFOPLIST_KEY_UILaunchScreen_Generation = YES;
				INFOPLIST_KEY_UISupportedInterfaceOrientations_iPad = "UIInterfaceOrientationPortrait UIInterfaceOrientationPortraitUpsideDown UIInterfaceOrientationLandscapeLeft UIInterfaceOrientationLandscapeRight";
				INFOPLIST_KEY_UISupportedInterfaceOrientations_iPhone = "UIInterfaceOrientationPortrait UIInterfaceOrientationLandscapeLeft UIInterfaceOrientationLandscapeRight";
				LD_RUNPATH_SEARCH_PATHS = (
					"$(inherited)",
					"@executable_path/Frameworks",
				);
				MARKETING_VERSION = 1.0;
				PRODUCT_BUNDLE_IDENTIFIER = "shmashing.the-bench";
				PRODUCT_NAME = "$(TARGET_NAME)";
				SWIFT_EMIT_LOC_STRINGS = YES;
				SWIFT_VERSION = 5.0;
				TARGETED_DEVICE_FAMILY = "1,2";
			};
			name = Release;
		};
		277B3D962CF57AD5004D2FA7 /* Debug */ = {
			isa = XCBuildConfiguration;
			buildSettings = {
				BUNDLE_LOADER = "$(TEST_HOST)";
				CODE_SIGN_STYLE = Automatic;
				CURRENT_PROJECT_VERSION = 1;
				DEVELOPMENT_TEAM = LW7ZVVD536;
				GENERATE_INFOPLIST_FILE = YES;
				IPHONEOS_DEPLOYMENT_TARGET = 18.1;
				MARKETING_VERSION = 1.0;
				PRODUCT_BUNDLE_IDENTIFIER = "shmashing.the-benchTests";
				PRODUCT_NAME = "$(TARGET_NAME)";
				SWIFT_EMIT_LOC_STRINGS = NO;
				SWIFT_VERSION = 5.0;
				TARGETED_DEVICE_FAMILY = "1,2";
				TEST_HOST = "$(BUILT_PRODUCTS_DIR)/the-bench.app/$(BUNDLE_EXECUTABLE_FOLDER_PATH)/the-bench";
			};
			name = Debug;
		};
		277B3D972CF57AD5004D2FA7 /* Release */ = {
			isa = XCBuildConfiguration;
			buildSettings = {
				BUNDLE_LOADER = "$(TEST_HOST)";
				CODE_SIGN_STYLE = Automatic;
				CURRENT_PROJECT_VERSION = 1;
				DEVELOPMENT_TEAM = LW7ZVVD536;
				GENERATE_INFOPLIST_FILE = YES;
				IPHONEOS_DEPLOYMENT_TARGET = 18.1;
				MARKETING_VERSION = 1.0;
				PRODUCT_BUNDLE_IDENTIFIER = "shmashing.the-benchTests";
				PRODUCT_NAME = "$(TARGET_NAME)";
				SWIFT_EMIT_LOC_STRINGS = NO;
				SWIFT_VERSION = 5.0;
				TARGETED_DEVICE_FAMILY = "1,2";
				TEST_HOST = "$(BUILT_PRODUCTS_DIR)/the-bench.app/$(BUNDLE_EXECUTABLE_FOLDER_PATH)/the-bench";
			};
			name = Release;
		};
		277B3D992CF57AD5004D2FA7 /* Debug */ = {
			isa = XCBuildConfiguration;
			buildSettings = {
				CODE_SIGN_STYLE = Automatic;
				CURRENT_PROJECT_VERSION = 1;
				DEVELOPMENT_TEAM = LW7ZVVD536;
				GENERATE_INFOPLIST_FILE = YES;
				MARKETING_VERSION = 1.0;
				PRODUCT_BUNDLE_IDENTIFIER = "shmashing.the-benchUITests";
				PRODUCT_NAME = "$(TARGET_NAME)";
				SWIFT_EMIT_LOC_STRINGS = NO;
				SWIFT_VERSION = 5.0;
				TARGETED_DEVICE_FAMILY = "1,2";
				TEST_TARGET_NAME = "the-bench";
			};
			name = Debug;
		};
		277B3D9A2CF57AD5004D2FA7 /* Release */ = {
			isa = XCBuildConfiguration;
			buildSettings = {
				CODE_SIGN_STYLE = Automatic;
				CURRENT_PROJECT_VERSION = 1;
				DEVELOPMENT_TEAM = LW7ZVVD536;
				GENERATE_INFOPLIST_FILE = YES;
				MARKETING_VERSION = 1.0;
				PRODUCT_BUNDLE_IDENTIFIER = "shmashing.the-benchUITests";
				PRODUCT_NAME = "$(TARGET_NAME)";
				SWIFT_EMIT_LOC_STRINGS = NO;
				SWIFT_VERSION = 5.0;
				TARGETED_DEVICE_FAMILY = "1,2";
				TEST_TARGET_NAME = "the-bench";
			};
			name = Release;
		};
/* End XCBuildConfiguration section */

/* Begin XCConfigurationList section */
		277B3D692CF57AD1004D2FA7 /* Build configuration list for PBXProject "the-bench" */ = {
			isa = XCConfigurationList;
			buildConfigurations = (
				277B3D902CF57AD5004D2FA7 /* Debug */,
				277B3D912CF57AD5004D2FA7 /* Release */,
			);
			defaultConfigurationIsVisible = 0;
			defaultConfigurationName = Release;
		};
		277B3D922CF57AD5004D2FA7 /* Build configuration list for PBXNativeTarget "the-bench" */ = {
			isa = XCConfigurationList;
			buildConfigurations = (
				277B3D932CF57AD5004D2FA7 /* Debug */,
				277B3D942CF57AD5004D2FA7 /* Release */,
			);
			defaultConfigurationIsVisible = 0;
			defaultConfigurationName = Release;
		};
		277B3D952CF57AD5004D2FA7 /* Build configuration list for PBXNativeTarget "the-benchTests" */ = {
			isa = XCConfigurationList;
			buildConfigurations = (
				277B3D962CF57AD5004D2FA7 /* Debug */,
				277B3D972CF57AD5004D2FA7 /* Release */,
			);
			defaultConfigurationIsVisible = 0;
			defaultConfigurationName = Release;
		};
		277B3D982CF57AD5004D2FA7 /* Build configuration list for PBXNativeTarget "the-benchUITests" */ = {
			isa = XCConfigurationList;
			buildConfigurations = (
				277B3D992CF57AD5004D2FA7 /* Debug */,
				277B3D9A2CF57AD5004D2FA7 /* Release */,
			);
			defaultConfigurationIsVisible = 0;
			defaultConfigurationName = Release;
		};
/* End XCConfigurationList section */
	};
	rootObject = 277B3D662CF57AD1004D2FA7 /* Project object */;
}
